
Microsoft Visual Studio Solution File, Format Version 12.00
# Visual Studio Version 16
VisualStudioVersion = 16.0.29709.97
MinimumVisualStudioVersion = 10.0.40219.1
Project("{FAE04EC0-301F-11D3-BF4B-00C04F79EFBC}") = "Exercise-2", "Exercise-2.csproj", "{93BB8291-1563-4430-8E31-709CD5BC01BE}"
EndProject
Global
	GlobalSection(SolutionConfigurationPlatforms) = preSolution
		Debug|Any CPU = Debug|Any CPU
		Release|Any CPU = Release|Any CPU
	EndGlobalSection
	GlobalSection(ProjectConfigurationPlatforms) = postSolution
		{93BB8291-1563-4430-8E31-709CD5BC01BE}.Debug|Any CPU.ActiveCfg = Debug|Any CPU
		{93BB8291-1563-4430-8E31-709CD5BC01BE}.Debug|Any CPU.Build.0 = Debug|Any CPU
		{93BB8291-1563-4430-8E31-709CD5BC01BE}.Release|Any CPU.ActiveCfg = Release|Any CPU
		{93BB8291-1563-4430-8E31-709CD5BC01BE}.Release|Any CPU.Build.0 = Release|Any CPU
	EndGlobalSection
	GlobalSection(SolutionProperties) = preSolution
		HideSolutionNode = FALSE
	EndGlobalSection
	GlobalSection(ExtensibilityGlobals) = postSolution
		SolutionGuid = {41407E47-B985-4B19-816A-B5E1615589C8}
	EndGlobalSection
EndGlobal
